// !$*UTF8*$!
{
	archiveVersion = 1;
	classes = {
	};
	objectVersion = 50;
	objects = {

/* Begin PBXBuildFile section */
		B5EED09523825167001711BE /* AppDelegate.swift in Sources */ = {isa = PBXBuildFile; fileRef = B5EED09423825167001711BE /* AppDelegate.swift */; };
		B5EED09723825167001711BE /* SceneDelegate.swift in Sources */ = {isa = PBXBuildFile; fileRef = B5EED09623825167001711BE /* SceneDelegate.swift */; };
		B5EED09923825167001711BE /* ViewController.swift in Sources */ = {isa = PBXBuildFile; fileRef = B5EED09823825167001711BE /* ViewController.swift */; };
		B5EED09C23825167001711BE /* Main.storyboard in Resources */ = {isa = PBXBuildFile; fileRef = B5EED09A23825167001711BE /* Main.storyboard */; };
		B5EED09E23825168001711BE /* Assets.xcassets in Resources */ = {isa = PBXBuildFile; fileRef = B5EED09D23825168001711BE /* Assets.xcassets */; };
		B5EED0A123825168001711BE /* LaunchScreen.storyboard in Resources */ = {isa = PBXBuildFile; fileRef = B5EED09F23825168001711BE /* LaunchScreen.storyboard */; };
		B5EED0AE238251F1001711BE /* 01.png in Resources */ = {isa = PBXBuildFile; fileRef = B5EED0A8238251F1001711BE /* 01.png */; };
		B5EED0AF238251F1001711BE /* 04.png in Resources */ = {isa = PBXBuildFile; fileRef = B5EED0A9238251F1001711BE /* 04.png */; };
		B5EED0B0238251F1001711BE /* 05.png in Resources */ = {isa = PBXBuildFile; fileRef = B5EED0AA238251F1001711BE /* 05.png */; };
		B5EED0B1238251F1001711BE /* 06.png in Resources */ = {isa = PBXBuildFile; fileRef = B5EED0AB238251F1001711BE /* 06.png */; };
		B5EED0B2238251F1001711BE /* 02.png in Resources */ = {isa = PBXBuildFile; fileRef = B5EED0AC238251F1001711BE /* 02.png */; };
		B5EED0B3238251F1001711BE /* 03.png in Resources */ = {isa = PBXBuildFile; fileRef = B5EED0AD238251F1001711BE /* 03.png */; };
/* End PBXBuildFile section */

/* Begin PBXFileReference section */
		B5EED09123825167001711BE /* ImageViewer.app */ = {isa = PBXFileReference; explicitFileType = wrapper.application; includeInIndex = 0; path = ImageViewer.app; sourceTree = BUILT_PRODUCTS_DIR; };
		B5EED09423825167001711BE /* AppDelegate.swift */ = {isa = PBXFileReference; lastKnownFileType = sourcecode.swift; path = AppDelegate.swift; sourceTree = "<group>"; };
		B5EED09623825167001711BE /* SceneDelegate.swift */ = {isa = PBXFileReference; lastKnownFileType = sourcecode.swift; path = SceneDelegate.swift; sourceTree = "<group>"; };
		B5EED09823825167001711BE /* ViewController.swift */ = {isa = PBXFileReference; lastKnownFileType = sourcecode.swift; path = ViewController.swift; sourceTree = "<group>"; };
		B5EED09B23825167001711BE /* Base */ = {isa = PBXFileReference; lastKnownFileType = file.storyboard; name = Base; path = Base.lproj/Main.storyboard; sourceTree = "<group>"; };
		B5EED09D23825168001711BE /* Assets.xcassets */ = {isa = PBXFileReference; lastKnownFileType = folder.assetcatalog; path = Assets.xcassets; sourceTree = "<group>"; };
		B5EED0A023825168001711BE /* Base */ = {isa = PBXFileReference; lastKnownFileType = file.storyboard; name = Base; path = Base.lproj/LaunchScreen.storyboard; sourceTree = "<group>"; };
		B5EED0A223825168001711BE /* Info.plist */ = {isa = PBXFileReference; lastKnownFileType = text.plist.xml; path = Info.plist; sourceTree = "<group>"; };
		B5EED0A8238251F1001711BE /* 01.png */ = {isa = PBXFileReference; lastKnownFileType = image.png; path = 01.png; sourceTree = "<group>"; };
		B5EED0A9238251F1001711BE /* 04.png */ = {isa = PBXFileReference; lastKnownFileType = image.png; path = 04.png; sourceTree = "<group>"; };
		B5EED0AA238251F1001711BE /* 05.png */ = {isa = PBXFileReference; lastKnownFileType = image.png; path = 05.png; sourceTree = "<group>"; };
		B5EED0AB238251F1001711BE /* 06.png */ = {isa = PBXFileReference; lastKnownFileType = image.png; path = 06.png; sourceTree = "<group>"; };
		B5EED0AC238251F1001711BE /* 02.png */ = {isa = PBXFileReference; lastKnownFileType = image.png; path = 02.png; sourceTree = "<group>"; };
		B5EED0AD238251F1001711BE /* 03.png */ = {isa = PBXFileReference; lastKnownFileType = image.png; path = 03.png; sourceTree = "<group>"; };
/* End PBXFileReference section */

/* Begin PBXFrameworksBuildPhase section */
		B5EED08E23825167001711BE /* Frameworks */ = {
			isa = PBXFrameworksBuildPhase;
			buildActionMask = 2147483647;
			files = (
			);
			runOnlyForDeploymentPostprocessing = 0;
		};
/* End PBXFrameworksBuildPhase section */

/* Begin PBXGroup section */
		B5EED08823825167001711BE = {
			isa = PBXGroup;
			children = (
				B5EED09323825167001711BE /* ImageViewer */,
				B5EED09223825167001711BE /* Products */,
			);
			sourceTree = "<group>";
		};
		B5EED09223825167001711BE /* Products */ = {
			isa = PBXGroup;
			children = (
				B5EED09123825167001711BE /* ImageViewer.app */,
			);
			name = Products;
			sourceTree = "<group>";
		};
		B5EED09323825167001711BE /* ImageViewer */ = {
			isa = PBXGroup;
			children = (
				B5EED09423825167001711BE /* AppDelegate.swift */,
				B5EED09623825167001711BE /* SceneDelegate.swift */,
				B5EED09823825167001711BE /* ViewController.swift */,
				B5EED09A23825167001711BE /* Main.storyboard */,
				B5EED09D23825168001711BE /* Assets.xcassets */,
				B5EED0A8238251F1001711BE /* 01.png */,
				B5EED0AC238251F1001711BE /* 02.png */,
				B5EED0AD238251F1001711BE /* 03.png */,
				B5EED0A9238251F1001711BE /* 04.png */,
				B5EED0AA238251F1001711BE /* 05.png */,
				B5EED0AB238251F1001711BE /* 06.png */,
				B5EED09F23825168001711BE /* LaunchScreen.storyboard */,
				B5EED0A223825168001711BE /* Info.plist */,
			);
			path = ImageViewer;
			sourceTree = "<group>";
		};
/* End PBXGroup section */

/* Begin PBXNativeTarget section */
		B5EED09023825167001711BE /* ImageViewer */ = {
			isa = PBXNativeTarget;
			buildConfigurationList = B5EED0A523825168001711BE /* Build configuration list for PBXNativeTarget "ImageViewer" */;
			buildPhases = (
				B5EED08D23825167001711BE /* Sources */,
				B5EED08E23825167001711BE /* Frameworks */,
				B5EED08F23825167001711BE /* Resources */,
			);
			buildRules = (
			);
			dependencies = (
			);
			name = ImageViewer;
			productName = ImageViewer;
			productReference = B5EED09123825167001711BE /* ImageViewer.app */;
			productType = "com.apple.product-type.application";
		};
/* End PBXNativeTarget section */

/* Begin PBXProject section */
		B5EED08923825167001711BE /* Project object */ = {
			isa = PBXProject;
			attributes = {
				LastSwiftUpdateCheck = 1100;
				LastUpgradeCheck = 1100;
				ORGANIZATIONNAME = "Soojung Shin";
				TargetAttributes = {
					B5EED09023825167001711BE = {
						CreatedOnToolsVersion = 11.0;
					};
				};
			};
			buildConfigurationList = B5EED08C23825167001711BE /* Build configuration list for PBXProject "ImageViewer" */;
			compatibilityVersion = "Xcode 9.3";
			developmentRegion = en;
			hasScannedForEncodings = 0;
			knownRegions = (
				en,
				Base,
			);
			mainGroup = B5EED08823825167001711BE;
			productRefGroup = B5EED09223825167001711BE /* Products */;
			projectDirPath = "";
			projectRoot = "";
			targets = (
				B5EED09023825167001711BE /* ImageViewer */,
			);
		};
/* End PBXProject section */

/* Begin PBXResourcesBuildPhase section */
		B5EED08F23825167001711BE /* Resources */ = {
			isa = PBXResourcesBuildPhase;
			buildActionMask = 2147483647;
			files = (
				B5EED0AF238251F1001711BE /* 04.png in Resources */,
				B5EED0A123825168001711BE /* LaunchScreen.storyboard in Resources */,
				B5EED0B0238251F1001711BE /* 05.png in Resources */,
				B5EED0B2238251F1001711BE /* 02.png in Resources */,
				B5EED09E23825168001711BE /* Assets.xcassets in Resources */,
				B5EED0AE238251F1001711BE /* 01.png in Resources */,
				B5EED0B1238251F1001711BE /* 06.png in Resources */,
				B5EED0B3238251F1001711BE /* 03.png in Resources */,
				B5EED09C23825167001711BE /* Main.storyboard in Resources */,
			);
			runOnlyForDeploymentPostprocessing = 0;
		};
/* End PBXResourcesBuildPhase section */

/* Begin PBXSourcesBuildPhase section */
		B5EED08D23825167001711BE /* Sources */ = {
			isa = PBXSourcesBuildPhase;
			buildActionMask = 2147483647;
			files = (
				B5EED09923825167001711BE /* ViewController.swift in Sources */,
				B5EED09523825167001711BE /* AppDelegate.swift in Sources */,
				B5EED09723825167001711BE /* SceneDelegate.swift in Sources */,
			);
			runOnlyForDeploymentPostprocessing = 0;
		};
/* End PBXSourcesBuildPhase section */

/* Begin PBXVariantGroup section */
		B5EED09A23825167001711BE /* Main.storyboard */ = {
			isa = PBXVariantGroup;
			children = (
				B5EED09B23825167001711BE /* Base */,
			);
			name = Main.storyboard;
			sourceTree = "<group>";
		};
		B5EED09F23825168001711BE /* LaunchScreen.storyboard */ = {
			isa = PBXVariantGroup;
			children = (
				B5EED0A023825168001711BE /* Base */,
			);
			name = LaunchScreen.storyboard;
			sourceTree = "<group>";
		};
/* End PBXVariantGroup section */

/* Begin XCBuildConfiguration section */
		B5EED0A323825168001711BE /* Debug */ = {
			isa = XCBuildConfiguration;
			buildSettings = {
				ALWAYS_SEARCH_USER_PATHS = NO;
				CLANG_ANALYZER_NONNULL = YES;
				CLANG_ANALYZER_NUMBER_OBJECT_CONVERSION = YES_AGGRESSIVE;
				CLANG_CXX_LANGUAGE_STANDARD = "gnu++14";
				CLANG_CXX_LIBRARY = "libc++";
				CLANG_ENABLE_MODULES = YES;
				CLANG_ENABLE_OBJC_ARC = YES;
				CLANG_ENABLE_OBJC_WEAK = YES;
				CLANG_WARN_BLOCK_CAPTURE_AUTORELEASING = YES;
				CLANG_WARN_BOOL_CONVERSION = YES;
				CLANG_WARN_COMMA = YES;
				CLANG_WARN_CONSTANT_CONVERSION = YES;
				CLANG_WARN_DEPRECATED_OBJC_IMPLEMENTATIONS = YES;
				CLANG_WARN_DIRECT_OBJC_ISA_USAGE = YES_ERROR;
				CLANG_WARN_DOCUMENTATION_COMMENTS = YES;
				CLANG_WARN_EMPTY_BODY = YES;
				CLANG_WARN_ENUM_CONVERSION = YES;
				CLANG_WARN_INFINITE_RECURSION = YES;
				CLANG_WARN_INT_CONVERSION = YES;
				CLANG_WARN_NON_LITERAL_NULL_CONVERSION = YES;
				CLANG_WARN_OBJC_IMPLICIT_RETAIN_SELF = YES;
				CLANG_WARN_OBJC_LITERAL_CONVERSION = YES;
				CLANG_WARN_OBJC_ROOT_CLASS = YES_ERROR;
				CLANG_WARN_RANGE_LOOP_ANALYSIS = YES;
				CLANG_WARN_STRICT_PROTOTYPES = YES;
				CLANG_WARN_SUSPICIOUS_MOVE = YES;
				CLANG_WARN_UNGUARDED_AVAILABILITY = YES_AGGRESSIVE;
				CLANG_WARN_UNREACHABLE_CODE = YES;
				CLANG_WARN__DUPLICATE_METHOD_MATCH = YES;
				COPY_PHASE_STRIP = NO;
				DEBUG_INFORMATION_FORMAT = dwarf;
				ENABLE_STRICT_OBJC_MSGSEND = YES;
				ENABLE_TESTABILITY = YES;
				GCC_C_LANGUAGE_STANDARD = gnu11;
				GCC_DYNAMIC_NO_PIC = NO;
				GCC_NO_COMMON_BLOCKS = YES;
				GCC_OPTIMIZATION_LEVEL = 0;
				GCC_PREPROCESSOR_DEFINITIONS = (
					"DEBUG=1",
					"$(inherited)",
				);
				GCC_WARN_64_TO_32_BIT_CONVERSION = YES;
				GCC_WARN_ABOUT_RETURN_TYPE = YES_ERROR;
				GCC_WARN_UNDECLARED_SELECTOR = YES;
				GCC_WARN_UNINITIALIZED_AUTOS = YES_AGGRESSIVE;
				GCC_WARN_UNUSED_FUNCTION = YES;
				GCC_WARN_UNUSED_VARIABLE = YES;
				IPHONEOS_DEPLOYMENT_TARGET = 13.0;
				MTL_ENABLE_DEBUG_INFO = INCLUDE_SOURCE;
				MTL_FAST_MATH = YES;
				ONLY_ACTIVE_ARCH = YES;
				SDKROOT = iphoneos;
				SWIFT_ACTIVE_COMPILATION_CONDITIONS = DEBUG;
				SWIFT_OPTIMIZATION_LEVEL = "-Onone";
			};
			name = Debug;
		};
		B5EED0A423825168001711BE /* Release */ = {
			isa = XCBuildConfiguration;
			buildSettings = {
				ALWAYS_SEARCH_USER_PATHS = NO;
				CLANG_ANALYZER_NONNULL = YES;
				CLANG_ANALYZER_NUMBER_OBJECT_CONVERSION = YES_AGGRESSIVE;
				CLANG_CXX_LANGUAGE_STANDARD = "gnu++14";
				CLANG_CXX_LIBRARY = "libc++";
				CLANG_ENABLE_MODULES = YES;
				CLANG_ENABLE_OBJC_ARC = YES;
				CLANG_ENABLE_OBJC_WEAK = YES;
				CLANG_WARN_BLOCK_CAPTURE_AUTORELEASING = YES;
				CLANG_WARN_BOOL_CONVERSION = YES;
				CLANG_WARN_COMMA = YES;
				CLANG_WARN_CONSTANT_CONVERSION = YES;
				CLANG_WARN_DEPRECATED_OBJC_IMPLEMENTATIONS = YES;
				CLANG_WARN_DIRECT_OBJC_ISA_USAGE = YES_ERROR;
				CLANG_WARN_DOCUMENTATION_COMMENTS = YES;
				CLANG_WARN_EMPTY_BODY = YES;
				CLANG_WARN_ENUM_CONVERSION = YES;
				CLANG_WARN_INFINITE_RECURSION = YES;
				CLANG_WARN_INT_CONVERSION = YES;
				CLANG_WARN_NON_LITERAL_NULL_CONVERSION = YES;
				CLANG_WARN_OBJC_IMPLICIT_RETAIN_SELF = YES;
				CLANG_WARN_OBJC_LITERAL_CONVERSION = YES;
				CLANG_WARN_OBJC_ROOT_CLASS = YES_ERROR;
				CLANG_WARN_RANGE_LOOP_ANALYSIS = YES;
				CLANG_WARN_STRICT_PROTOTYPES = YES;
				CLANG_WARN_SUSPICIOUS_MOVE = YES;
				CLANG_WARN_UNGUARDED_AVAILABILITY = YES_AGGRESSIVE;
				CLANG_WARN_UNREACHABLE_CODE = YES;
				CLANG_WARN__DUPLICATE_METHOD_MATCH = YES;
				COPY_PHASE_STRIP = NO;
				DEBUG_INFORMATION_FORMAT = "dwarf-with-dsym";
				ENABLE_NS_ASSERTIONS = NO;
				ENABLE_STRICT_OBJC_MSGSEND = YES;
				GCC_C_LANGUAGE_STANDARD = gnu11;
				GCC_NO_COMMON_BLOCKS = YES;
				GCC_WARN_64_TO_32_BIT_CONVERSION = YES;
				GCC_WARN_ABOUT_RETURN_TYPE = YES_ERROR;
				GCC_WARN_UNDECLARED_SELECTOR = YES;
				GCC_WARN_UNINITIALIZED_AUTOS = YES_AGGRESSIVE;
				GCC_WARN_UNUSED_FUNCTION = YES;
				GCC_WARN_UNUSED_VARIABLE = YES;
				IPHONEOS_DEPLOYMENT_TARGET = 13.0;
				MTL_ENABLE_DEBUG_INFO = NO;
				MTL_FAST_MATH = YES;
				SDKROOT = iphoneos;
				SWIFT_COMPILATION_MODE = wholemodule;
				SWIFT_OPTIMIZATION_LEVEL = "-O";
				VALIDATE_PRODUCT = YES;
			};
			name = Release;
		};
		B5EED0A623825168001711BE /* Debug */ = {
			isa = XCBuildConfiguration;
			buildSettings = {
				ASSETCATALOG_COMPILER_APPICON_NAME = AppIcon;
				CODE_SIGN_STYLE = Automatic;
				DEVELOPMENT_TEAM = PW7FC27RJ5;
				INFOPLIST_FILE = ImageViewer/Info.plist;
				LD_RUNPATH_SEARCH_PATHS = (
					"$(inherited)",
					"@executable_path/Frameworks",
				);
				PRODUCT_BUNDLE_IDENTIFIER = "com.Soojung-Shin.ImageViewer";
				PRODUCT_NAME = "$(TARGET_NAME)";
				SWIFT_VERSION = 5.0;
				TARGETED_DEVICE_FAMILY = "1,2";
			};
			name = Debug;
		};
		B5EED0A723825168001711BE /* Release */ = {
			isa = XCBuildConfiguration;
			buildSettings = {
				ASSETCATALOG_COMPILER_APPICON_NAME = AppIcon;
				CODE_SIGN_STYLE = Automatic;
				DEVELOPMENT_TEAM = PW7FC27RJ5;
				INFOPLIST_FILE = ImageViewer/Info.plist;
				LD_RUNPATH_SEARCH_PATHS = (
					"$(inherited)",
					"@executable_path/Frameworks",
				);
				PRODUCT_BUNDLE_IDENTIFIER = "com.Soojung-Shin.ImageViewer";
				PRODUCT_NAME = "$(TARGET_NAME)";
				SWIFT_VERSION = 5.0;
				TARGETED_DEVICE_FAMILY = "1,2";
			};
			name = Release;
		};
/* End XCBuildConfiguration section */

/* Begin XCConfigurationList section */
		B5EED08C23825167001711BE /* Build configuration list for PBXProject "ImageViewer" */ = {
			isa = XCConfigurationList;
			buildConfigurations = (
				B5EED0A323825168001711BE /* Debug */,
				B5EED0A423825168001711BE /* Release */,
			);
			defaultConfigurationIsVisible = 0;
			defaultConfigurationName = Release;
		};
		B5EED0A523825168001711BE /* Build configuration list for PBXNativeTarget "ImageViewer" */ = {
			isa = XCConfigurationList;
			buildConfigurations = (
				B5EED0A623825168001711BE /* Debug */,
				B5EED0A723825168001711BE /* Release */,
			);
			defaultConfigurationIsVisible = 0;
			defaultConfigurationName = Release;
		};
/* End XCConfigurationList section */
	};
	rootObject = B5EED08923825167001711BE /* Project object */;
}
